
Microsoft Visual Studio Solution File, Format Version 12.00
# Visual Studio 14
VisualStudioVersion = 14.0.25420.1
MinimumVisualStudioVersion = 10.0.40219.1
Project("{FAE04EC0-301F-11D3-BF4B-00C04F79EFBC}") = "UnitTests", "UnitTests\UnitTests.csproj", "{3534031F-B02F-4776-AD6F-5C0BC0627AEB}"
EndProject
Project("{FAE04EC0-301F-11D3-BF4B-00C04F79EFBC}") = "DataFeed", "CPlugin.PlatformWrapper.MetaTrader4DataFeed\DataFeed.csproj", "{7542AD3F-CCB9-4291-BAE2-CCF373B3C24B}"
EndProject
Project("{8BB2217D-0F2D-49D1-97BC-3654ED321F3B}") = "DataFeedCore", "CPlugin.PlatformWrapper.MetaTrader4DataFeedCore\DataFeedCore.xproj", "{9BBFA560-FB2C-4D77-ACDF-7129BFAF1B60}"
EndProject
Global
	GlobalSection(SolutionConfigurationPlatforms) = preSolution
		Debug|Any CPU = Debug|Any CPU
		Release|Any CPU = Release|Any CPU
	EndGlobalSection
	GlobalSection(ProjectConfigurationPlatforms) = postSolution
		{3534031F-B02F-4776-AD6F-5C0BC0627AEB}.Debug|Any CPU.ActiveCfg = Debug|Any CPU
		{3534031F-B02F-4776-AD6F-5C0BC0627AEB}.Debug|Any CPU.Build.0 = Debug|Any CPU
		{3534031F-B02F-4776-AD6F-5C0BC0627AEB}.Release|Any CPU.ActiveCfg = Release|Any CPU
		{3534031F-B02F-4776-AD6F-5C0BC0627AEB}.Release|Any CPU.Build.0 = Release|Any CPU
		{7542AD3F-CCB9-4291-BAE2-CCF373B3C24B}.Debug|Any CPU.ActiveCfg = Debug|Any CPU
		{7542AD3F-CCB9-4291-BAE2-CCF373B3C24B}.Debug|Any CPU.Build.0 = Debug|Any CPU
		{7542AD3F-CCB9-4291-BAE2-CCF373B3C24B}.Release|Any CPU.ActiveCfg = Release|Any CPU
		{7542AD3F-CCB9-4291-BAE2-CCF373B3C24B}.Release|Any CPU.Build.0 = Release|Any CPU
		{9BBFA560-FB2C-4D77-ACDF-7129BFAF1B60}.Debug|Any CPU.ActiveCfg = Debug|Any CPU
		{9BBFA560-FB2C-4D77-ACDF-7129BFAF1B60}.Debug|Any CPU.Build.0 = Debug|Any CPU
		{9BBFA560-FB2C-4D77-ACDF-7129BFAF1B60}.Release|Any CPU.ActiveCfg = Release|Any CPU
		{9BBFA560-FB2C-4D77-ACDF-7129BFAF1B60}.Release|Any CPU.Build.0 = Release|Any CPU
	EndGlobalSection
	GlobalSection(SolutionProperties) = preSolution
		HideSolutionNode = FALSE
	EndGlobalSection
EndGlobal
